
Microsoft Visual Studio Solution File, Format Version 12.00
# Visual Studio Version 17
VisualStudioVersion = 17.9.34622.214
MinimumVisualStudioVersion = 10.0.40219.1
Project("{FAE04EC0-301F-11D3-BF4B-00C04F79EFBC}") = "LearnEnglish", "LearnEnglish\LearnEnglish.csproj", "{62D3AB12-0C79-4FF6-85BE-8BD1C01E5820}"
EndProject
Global
	GlobalSection(SolutionConfigurationPlatforms) = preSolution
		Debug|Any CPU = Debug|Any CPU
		Release|Any CPU = Release|Any CPU
	EndGlobalSection
	GlobalSection(ProjectConfigurationPlatforms) = postSolution
		{62D3AB12-0C79-4FF6-85BE-8BD1C01E5820}.Debug|Any CPU.ActiveCfg = Debug|Any CPU
		{62D3AB12-0C79-4FF6-85BE-8BD1C01E5820}.Debug|Any CPU.Build.0 = Debug|Any CPU
		{62D3AB12-0C79-4FF6-85BE-8BD1C01E5820}.Release|Any CPU.ActiveCfg = Release|Any CPU
		{62D3AB12-0C79-4FF6-85BE-8BD1C01E5820}.Release|Any CPU.Build.0 = Release|Any CPU
	EndGlobalSection
	GlobalSection(SolutionProperties) = preSolution
		HideSolutionNode = FALSE
	EndGlobalSection
	GlobalSection(ExtensibilityGlobals) = postSolution
		SolutionGuid = {2E6E2E52-EDA5-4D72-BBF4-ECFCFB3CB19D}
	EndGlobalSection
EndGlobal
